# THIS IS AN AUTOGENERATED FILE. DO NOT EDIT THIS FILE DIRECTLY.
# yarn lockfile v1


inflect@^0.5.0:
  version "0.5.0"
  resolved "https://registry.yarnpkg.com/inflect/-/inflect-0.5.0.tgz#1c56c1951ada456a0e3d44dd95ef9d13e1515db9"
  integrity sha512-Wci3Towe5T2hOK98O6eFPHNZLClSITFgngOF+YkWgeO0r7t268oVm9Hb1ogcGDaa++EhIf/DxGLbeUbGpQ7H1g==
